{
  "name": "checkout",
  "lockfileVersion": 2,
  "requires": true,
  "packages": {
    "": {
      "dependencies": {
        "@getaddress/autocomplete": "^3.0.9"
      }
    },
    "node_modules/@floating-ui/core": {
      "version": "1.7.1",
      "resolved": "https://registry.npmjs.org/@floating-ui/core/-/core-1.7.1.tgz",
      "integrity": "sha512-azI0DrjMMfIug/ExbBaeDVJXcY0a7EPvPjb2xAJPa4HeimBX+Z18HK8QQR3jb6356SnDDdxx+hinMLcJEDdOjw==",
      "dependencies": {
        "@floating-ui/utils": "^0.2.9"
      }
    },
    "node_modules/@floating-ui/dom": {
      "version": "1.7.1",
      "resolved": "https://registry.npmjs.org/@floating-ui/dom/-/dom-1.7.1.tgz",
      "integrity": "sha512-cwsmW/zyw5ltYTUeeYJ60CnQuPqmGwuGVhG9w0PRaRKkAyi38BT5CKrpIbb+jtahSwUl04cWzSx9ZOIxeS6RsQ==",
      "dependencies": {
        "@floating-ui/core": "^1.7.1",
        "@floating-ui/utils": "^0.2.9"
      }
    },
    "node_modules/@floating-ui/utils": {
      "version": "0.2.9",
      "resolved": "https://registry.npmjs.org/@floating-ui/utils/-/utils-0.2.9.tgz",
      "integrity": "sha512-MDWhGtE+eHw5JW7lq4qhc5yRLS11ERl1c7Z6Xd0a58DozHES6EnNNwUWbMiG4J9Cgj053Bhk8zvlhFYKVhULwg=="
    },
    "node_modules/@getaddress/autocomplete": {
      "version": "3.0.9",
      "resolved": "https://registry.npmjs.org/@getaddress/autocomplete/-/autocomplete-3.0.9.tgz",
      "integrity": "sha512-AZ9mzEalh6ShQCcvzLaGEOf+ntgYB+rr9S4H0GmdQ1vBwdZMxrATyK6xUWDZ8uwQhj8yUEqzpr+lfNP8zbST1Q==",
      "dependencies": {
        "@oddbird/css-anchor-positioning": "^0.4.0",
        "getaddress-api": "^2.3.1"
      }
    },
    "node_modules/@oddbird/css-anchor-positioning": {
      "version": "0.4.0",
      "resolved": "https://registry.npmjs.org/@oddbird/css-anchor-positioning/-/css-anchor-positioning-0.4.0.tgz",
      "integrity": "sha512-K3iVeBnuXIaDj4/rrFxPJBPEgghBsofL/64hiegkqkyPBk79c0h6r6gSlNCXrtf1b0cWiC55BV6PC1Y0Ph/1NQ==",
      "dependencies": {
        "@floating-ui/dom": "^1.6.12",
        "@types/css-tree": "^2.3.8",
        "css-tree": "^3.0.0",
        "nanoid": "^5.0.8"
      }
    },
    "node_modules/@types/css-tree": {
      "version": "2.3.10",
      "resolved": "https://registry.npmjs.org/@types/css-tree/-/css-tree-2.3.10.tgz",
      "integrity": "sha512-WcaBazJ84RxABvRttQjjFWgTcHvZR9jGr0Y3hccPkHjFyk/a3N8EuxjKr+QfrwjoM5b1yI1Uj1i7EzOAAwBwag=="
    },
    "node_modules/css-tree": {
      "version": "3.1.0",
      "resolved": "https://registry.npmjs.org/css-tree/-/css-tree-3.1.0.tgz",
      "integrity": "sha512-0eW44TGN5SQXU1mWSkKwFstI/22X2bG1nYzZTYMAWjylYURhse752YgbE4Cx46AC+bAvI+/dYTPRk1LqSUnu6w==",
      "dependencies": {
        "mdn-data": "2.12.2",
        "source-map-js": "^1.0.1"
      },
      "engines": {
        "node": "^10 || ^12.20.0 || ^14.13.0 || >=15.0.0"
      }
    },
    "node_modules/getaddress-api": {
      "version": "2.3.1",
      "resolved": "https://registry.npmjs.org/getaddress-api/-/getaddress-api-2.3.1.tgz",
      "integrity": "sha512-LR/xL0h9jKqyAF5IoKEE8myEkxm8JCsZt0TXvhsRKtX4aICdcZIbFIxeCNmOt6nMLBcWsjWIVlbcsm9bZukIrA==",
      "engines": {
        "node": ">= 18.0.0"
      }
    },
    "node_modules/mdn-data": {
      "version": "2.12.2",
      "resolved": "https://registry.npmjs.org/mdn-data/-/mdn-data-2.12.2.tgz",
      "integrity": "sha512-IEn+pegP1aManZuckezWCO+XZQDplx1366JoVhTpMpBB1sPey/SbveZQUosKiKiGYjg1wH4pMlNgXbCiYgihQA=="
    },
    "node_modules/nanoid": {
      "version": "5.1.5",
      "resolved": "https://registry.npmjs.org/nanoid/-/nanoid-5.1.5.tgz",
      "integrity": "sha512-Ir/+ZpE9fDsNH0hQ3C68uyThDXzYcim2EqcZ8zn8Chtt1iylPT9xXJB0kPCnqzgcEGikO9RxSrh63MsmVCU7Fw==",
      "funding": [
        {
          "type": "github",
          "url": "https://github.com/sponsors/ai"
        }
      ],
      "bin": {
        "nanoid": "bin/nanoid.js"
      },
      "engines": {
        "node": "^18 || >=20"
      }
    },
    "node_modules/source-map-js": {
      "version": "1.2.1",
      "resolved": "https://registry.npmjs.org/source-map-js/-/source-map-js-1.2.1.tgz",
      "integrity": "sha512-UXWMKhLOwVKb728IUtQPXxfYU+usdybtUrK/8uGE8CQMvrhOpwvzDBwj0QhSL7MQc7vIsISBG8VQ8+IDQxpfQA==",
      "engines": {
        "node": ">=0.10.0"
      }
    }
  },
  "dependencies": {
    "@floating-ui/core": {
      "version": "1.7.1",
      "resolved": "https://registry.npmjs.org/@floating-ui/core/-/core-1.7.1.tgz",
      "integrity": "sha512-azI0DrjMMfIug/ExbBaeDVJXcY0a7EPvPjb2xAJPa4HeimBX+Z18HK8QQR3jb6356SnDDdxx+hinMLcJEDdOjw==",
      "requires": {
        "@floating-ui/utils": "^0.2.9"
      }
    },
    "@floating-ui/dom": {
      "version": "1.7.1",
      "resolved": "https://registry.npmjs.org/@floating-ui/dom/-/dom-1.7.1.tgz",
      "integrity": "sha512-cwsmW/zyw5ltYTUeeYJ60CnQuPqmGwuGVhG9w0PRaRKkAyi38BT5CKrpIbb+jtahSwUl04cWzSx9ZOIxeS6RsQ==",
      "requires": {
        "@floating-ui/core": "^1.7.1",
        "@floating-ui/utils": "^0.2.9"
      }
    },
    "@floating-ui/utils": {
      "version": "0.2.9",
      "resolved": "https://registry.npmjs.org/@floating-ui/utils/-/utils-0.2.9.tgz",
      "integrity": "sha512-MDWhGtE+eHw5JW7lq4qhc5yRLS11ERl1c7Z6Xd0a58DozHES6EnNNwUWbMiG4J9Cgj053Bhk8zvlhFYKVhULwg=="
    },
    "@getaddress/autocomplete": {
      "version": "3.0.9",
      "resolved": "https://registry.npmjs.org/@getaddress/autocomplete/-/autocomplete-3.0.9.tgz",
      "integrity": "sha512-AZ9mzEalh6ShQCcvzLaGEOf+ntgYB+rr9S4H0GmdQ1vBwdZMxrATyK6xUWDZ8uwQhj8yUEqzpr+lfNP8zbST1Q==",
      "requires": {
        "@oddbird/css-anchor-positioning": "^0.4.0",
        "getaddress-api": "^2.3.1"
      }
    },
    "@oddbird/css-anchor-positioning": {
      "version": "0.4.0",
      "resolved": "https://registry.npmjs.org/@oddbird/css-anchor-positioning/-/css-anchor-positioning-0.4.0.tgz",
      "integrity": "sha512-K3iVeBnuXIaDj4/rrFxPJBPEgghBsofL/64hiegkqkyPBk79c0h6r6gSlNCXrtf1b0cWiC55BV6PC1Y0Ph/1NQ==",
      "requires": {
        "@floating-ui/dom": "^1.6.12",
        "@types/css-tree": "^2.3.8",
        "css-tree": "^3.0.0",
        "nanoid": "^5.0.8"
      }
    },
    "@types/css-tree": {
      "version": "2.3.10",
      "resolved": "https://registry.npmjs.org/@types/css-tree/-/css-tree-2.3.10.tgz",
      "integrity": "sha512-WcaBazJ84RxABvRttQjjFWgTcHvZR9jGr0Y3hccPkHjFyk/a3N8EuxjKr+QfrwjoM5b1yI1Uj1i7EzOAAwBwag=="
    },
    "css-tree": {
      "version": "3.1.0",
      "resolved": "https://registry.npmjs.org/css-tree/-/css-tree-3.1.0.tgz",
      "integrity": "sha512-0eW44TGN5SQXU1mWSkKwFstI/22X2bG1nYzZTYMAWjylYURhse752YgbE4Cx46AC+bAvI+/dYTPRk1LqSUnu6w==",
      "requires": {
        "mdn-data": "2.12.2",
        "source-map-js": "^1.0.1"
      }
    },
    "getaddress-api": {
      "version": "2.3.1",
      "resolved": "https://registry.npmjs.org/getaddress-api/-/getaddress-api-2.3.1.tgz",
      "integrity": "sha512-LR/xL0h9jKqyAF5IoKEE8myEkxm8JCsZt0TXvhsRKtX4aICdcZIbFIxeCNmOt6nMLBcWsjWIVlbcsm9bZukIrA=="
    },
    "mdn-data": {
      "version": "2.12.2",
      "resolved": "https://registry.npmjs.org/mdn-data/-/mdn-data-2.12.2.tgz",
      "integrity": "sha512-IEn+pegP1aManZuckezWCO+XZQDplx1366JoVhTpMpBB1sPey/SbveZQUosKiKiGYjg1wH4pMlNgXbCiYgihQA=="
    },
    "nanoid": {
      "version": "5.1.5",
      "resolved": "https://registry.npmjs.org/nanoid/-/nanoid-5.1.5.tgz",
      "integrity": "sha512-Ir/+ZpE9fDsNH0hQ3C68uyThDXzYcim2EqcZ8zn8Chtt1iylPT9xXJB0kPCnqzgcEGikO9RxSrh63MsmVCU7Fw=="
    },
    "source-map-js": {
      "version": "1.2.1",
      "resolved": "https://registry.npmjs.org/source-map-js/-/source-map-js-1.2.1.tgz",
      "integrity": "sha512-UXWMKhLOwVKb728IUtQPXxfYU+usdybtUrK/8uGE8CQMvrhOpwvzDBwj0QhSL7MQc7vIsISBG8VQ8+IDQxpfQA=="
    }
  }
}
